
Microsoft Visual Studio Solution File, Format Version 12.00
# Visual Studio Version 17
VisualStudioVersion = 17.9.34723.18
MinimumVisualStudioVersion = 10.0.40219.1
Project("{FAE04EC0-301F-11D3-BF4B-00C04F79EFBC}") = "GeekRunnerApp", "GeekRunnerApp\GeekRunnerApp.csproj", "{2959EA8B-4318-44C4-9967-A731E12EF7FA}"
EndProject
Global
	GlobalSection(SolutionConfigurationPlatforms) = preSolution
		Debug|Any CPU = Debug|Any CPU
		Release|Any CPU = Release|Any CPU
	EndGlobalSection
	GlobalSection(ProjectConfigurationPlatforms) = postSolution
		{2959EA8B-4318-44C4-9967-A731E12EF7FA}.Debug|Any CPU.ActiveCfg = Debug|Any CPU
		{2959EA8B-4318-44C4-9967-A731E12EF7FA}.Debug|Any CPU.Build.0 = Debug|Any CPU
		{2959EA8B-4318-44C4-9967-A731E12EF7FA}.Release|Any CPU.ActiveCfg = Release|Any CPU
		{2959EA8B-4318-44C4-9967-A731E12EF7FA}.Release|Any CPU.Build.0 = Release|Any CPU
	EndGlobalSection
	GlobalSection(SolutionProperties) = preSolution
		HideSolutionNode = FALSE
	EndGlobalSection
	GlobalSection(ExtensibilityGlobals) = postSolution
		SolutionGuid = {9F536AAA-0872-4704-8FF1-FF1EDE9A4717}
	EndGlobalSection
EndGlobal
